
Microsoft Visual Studio Solution File, Format Version 12.00
# Visual Studio Version 17
VisualStudioVersion = 17.10.34707.107
MinimumVisualStudioVersion = 10.0.40219.1
Project("{FAE04EC0-301F-11D3-BF4B-00C04F79EFBC}") = "CustomTeamAssigner", "CustomTeamAssigner.csproj", "{B0932EFD-5233-4DF0-BB93-1C9AE176B3B9}"
EndProject
Global
	GlobalSection(SolutionConfigurationPlatforms) = preSolution
		Debug|Any CPU = Debug|Any CPU
		Release|Any CPU = Release|Any CPU
	EndGlobalSection
	GlobalSection(ProjectConfigurationPlatforms) = postSolution
		{B0932EFD-5233-4DF0-BB93-1C9AE176B3B9}.Debug|Any CPU.ActiveCfg = Debug|Any CPU
		{B0932EFD-5233-4DF0-BB93-1C9AE176B3B9}.Debug|Any CPU.Build.0 = Debug|Any CPU
		{B0932EFD-5233-4DF0-BB93-1C9AE176B3B9}.Release|Any CPU.ActiveCfg = Release|Any CPU
		{B0932EFD-5233-4DF0-BB93-1C9AE176B3B9}.Release|Any CPU.Build.0 = Release|Any CPU
	EndGlobalSection
	GlobalSection(SolutionProperties) = preSolution
		HideSolutionNode = FALSE
	EndGlobalSection
	GlobalSection(ExtensibilityGlobals) = postSolution
		SolutionGuid = {7D0AF6B5-F7EA-440B-BEFF-CA295AF3CA1D}
	EndGlobalSection
EndGlobal
